Microsoft Visual Studio Solution File, Format Version 12.00
# Visual Studio Version 17
VisualStudioVersion = 17.0.31903.59
MinimumVisualStudioVersion = 10.0.40219.1
Project("{FAE04EC0-301F-11D3-BF4B-00C04F79EFBC}") = "ML.Core", "ML.Core\ML.Core.csproj", "{D2E11941-43B1-4B9B-B684-D19E66A9D5F2}"
EndProject
Project("{FAE04EC0-301F-11D3-BF4B-00C04F79EFBC}") = "DigitRecognitionApp", "DigitRecognitionApp\DigitRecognitionApp.csproj", "{7C7CDE02-AC1A-48A1-A920-73CE6F6655C2}"
EndProject
Global
    GlobalSection(SolutionConfigurationPlatforms) = preSolution
        Debug|Any CPU = Debug|Any CPU
        Release|Any CPU = Release|Any CPU
    EndGlobalSection
    GlobalSection(ProjectConfigurationPlatforms) = postSolution
        {D2E11941-43B1-4B9B-B684-D19E66A9D5F2}.Debug|Any CPU.ActiveCfg = Debug|Any CPU
        {D2E11941-43B1-4B9B-B684-D19E66A9D5F2}.Debug|Any CPU.Build.0 = Debug|Any CPU
        {D2E11941-43B1-4B9B-B684-D19E66A9D5F2}.Release|Any CPU.ActiveCfg = Release|Any CPU
        {D2E11941-43B1-4B9B-B684-D19E66A9D5F2}.Release|Any CPU.Build.0 = Release|Any CPU
        {7C7CDE02-AC1A-48A1-A920-73CE6F6655C2}.Debug|Any CPU.ActiveCfg = Debug|Any CPU
        {7C7CDE02-AC1A-48A1-A920-73CE6F6655C2}.Debug|Any CPU.Build.0 = Debug|Any CPU
        {7C7CDE02-AC1A-48A1-A920-73CE6F6655C2}.Release|Any CPU.ActiveCfg = Release|Any CPU
        {7C7CDE02-AC1A-48A1-A920-73CE6F6655C2}.Release|Any CPU.Build.0 = Release|Any CPU
    EndGlobalSection
EndGlobal
